
Microsoft Visual Studio Solution File, Format Version 12.00
# Visual Studio 15
VisualStudioVersion = 15.0.27130.2036
MinimumVisualStudioVersion = 10.0.40219.1
Project("{2150E333-8FDC-42A3-9474-1A3956D46DE8}") = ".Global", ".Global", "{11402557-CA24-4A83-BE7F-E88F242BAA07}"
EndProject
Project("{2150E333-8FDC-42A3-9474-1A3956D46DE8}") = "CodeAnalysis", "CodeAnalysis", "{E2B140BE-56E4-4D82-A011-E1D64F936198}"
	ProjectSection(SolutionItems) = preProject
		.Global\CodeAnalysis\All-Rules-As-Error.ruleset = .Global\CodeAnalysis\All-Rules-As-Error.ruleset
		.Global\CodeAnalysis\Dictionary.xml = .Global\CodeAnalysis\Dictionary.xml
	EndProjectSection
EndProject
Project("{2150E333-8FDC-42A3-9474-1A3956D46DE8}") = "Documents", "Documents", "{E3F474E2-0E85-47CD-A2DB-55852CEDB670}"
	ProjectSection(SolutionItems) = preProject
		..\ReadMe.md = ..\ReadMe.md
	EndProjectSection
EndProject
Project("{2150E333-8FDC-42A3-9474-1A3956D46DE8}") = "NuGet", "NuGet", "{2BE230D5-928C-46F6-95B5-CEF06CE0D0BE}"
	ProjectSection(SolutionItems) = preProject
		NuGet.config = NuGet.config
	EndProjectSection
EndProject
Project("{2150E333-8FDC-42A3-9474-1A3956D46DE8}") = "Settings", "Settings", "{E69917BB-D44E-418E-AE1E-8C62EE842E58}"
	ProjectSection(SolutionItems) = preProject
		..\.gitignore = ..\.gitignore
	EndProjectSection
EndProject
Project("{2150E333-8FDC-42A3-9474-1A3956D46DE8}") = "Signing", "Signing", "{169D8A5D-6205-40F4-86B6-054AF7BEE7B3}"
	ProjectSection(SolutionItems) = preProject
		.Global\Signing\ReadMe.md = .Global\Signing\ReadMe.md
		.Global\Signing\StrongName.Development.snk = .Global\Signing\StrongName.Development.snk
	EndProjectSection
EndProject
Project("{9A19103F-16F7-4668-BE54-9A1E7A4F7556}") = "Project", "Project\Project.csproj", "{D9A714B9-5387-4FB3-AF50-858F95205971}"
EndProject
Project("{9A19103F-16F7-4668-BE54-9A1E7A4F7556}") = "Integration-tests", "Integration-tests\Integration-tests.csproj", "{18DBC2D1-E4D9-462B-8AAA-B17732FEAD74}"
EndProject
Project("{9A19103F-16F7-4668-BE54-9A1E7A4F7556}") = "Unit-tests", "Unit-tests\Unit-tests.csproj", "{6DA230E3-2387-4792-82E4-2B685B263921}"
EndProject
Global
	GlobalSection(SolutionConfigurationPlatforms) = preSolution
		Debug|Any CPU = Debug|Any CPU
		Release|Any CPU = Release|Any CPU
	EndGlobalSection
	GlobalSection(ProjectConfigurationPlatforms) = postSolution
		{D9A714B9-5387-4FB3-AF50-858F95205971}.Debug|Any CPU.ActiveCfg = Debug|Any CPU
		{D9A714B9-5387-4FB3-AF50-858F95205971}.Debug|Any CPU.Build.0 = Debug|Any CPU
		{D9A714B9-5387-4FB3-AF50-858F95205971}.Release|Any CPU.ActiveCfg = Release|Any CPU
		{D9A714B9-5387-4FB3-AF50-858F95205971}.Release|Any CPU.Build.0 = Release|Any CPU
		{18DBC2D1-E4D9-462B-8AAA-B17732FEAD74}.Debug|Any CPU.ActiveCfg = Debug|Any CPU
		{18DBC2D1-E4D9-462B-8AAA-B17732FEAD74}.Debug|Any CPU.Build.0 = Debug|Any CPU
		{18DBC2D1-E4D9-462B-8AAA-B17732FEAD74}.Release|Any CPU.ActiveCfg = Release|Any CPU
		{18DBC2D1-E4D9-462B-8AAA-B17732FEAD74}.Release|Any CPU.Build.0 = Release|Any CPU
		{6DA230E3-2387-4792-82E4-2B685B263921}.Debug|Any CPU.ActiveCfg = Debug|Any CPU
		{6DA230E3-2387-4792-82E4-2B685B263921}.Debug|Any CPU.Build.0 = Debug|Any CPU
		{6DA230E3-2387-4792-82E4-2B685B263921}.Release|Any CPU.ActiveCfg = Release|Any CPU
		{6DA230E3-2387-4792-82E4-2B685B263921}.Release|Any CPU.Build.0 = Release|Any CPU
	EndGlobalSection
	GlobalSection(SolutionProperties) = preSolution
		HideSolutionNode = FALSE
	EndGlobalSection
	GlobalSection(NestedProjects) = preSolution
		{E2B140BE-56E4-4D82-A011-E1D64F936198} = {11402557-CA24-4A83-BE7F-E88F242BAA07}
		{E3F474E2-0E85-47CD-A2DB-55852CEDB670} = {11402557-CA24-4A83-BE7F-E88F242BAA07}
		{2BE230D5-928C-46F6-95B5-CEF06CE0D0BE} = {11402557-CA24-4A83-BE7F-E88F242BAA07}
		{E69917BB-D44E-418E-AE1E-8C62EE842E58} = {11402557-CA24-4A83-BE7F-E88F242BAA07}
		{169D8A5D-6205-40F4-86B6-054AF7BEE7B3} = {11402557-CA24-4A83-BE7F-E88F242BAA07}
	EndGlobalSection
	GlobalSection(ExtensibilityGlobals) = postSolution
		SolutionGuid = {9D7A5EBB-83F7-4E96-9BFA-4FC6B4C3856E}
	EndGlobalSection
EndGlobal
